PODS:
  - Flutter (1.0.0)
  - flutter_local_notifications (0.0.1):
    - Flutter
  - gma_mediation_unity (1.6.5):
    - Flutter
    - GoogleMobileAdsMediationUnity (~> 4.16.6.0)
  - Google-Mobile-Ads-SDK (12.14.0):
    - GoogleUserMessagingPlatform (>= 1.1)
  - google_mobile_ads (7.0.0):
    - Flutter
    - Google-Mobile-Ads-SDK (~> 12.14.0)
    - webview_flutter_wkwebview
  - GoogleMobileAdsMediationUnity (4.16.6.0):
    - Google-Mobile-Ads-SDK (~> 12.0)
    - UnityAds (= 4.16.5)
  - GoogleUserMessagingPlatform (3.1.0)
  - UnityAds (4.16.5)
  - webview_flutter_wkwebview (0.0.1):
    - Flutter
    - FlutterMacOS

DEPENDENCIES:
  - Flutter (from `Flutter`)
  - flutter_local_notifications (from `.symlinks/plugins/flutter_local_notifications/ios`)
  - gma_mediation_unity (from `.symlinks/plugins/gma_mediation_unity/ios`)
  - google_mobile_ads (from `.symlinks/plugins/google_mobile_ads/ios`)
  - webview_flutter_wkwebview (from `.symlinks/plugins/webview_flutter_wkwebview/darwin`)

SPEC REPOS:
  trunk:
    - Google-Mobile-Ads-SDK
    - GoogleMobileAdsMediationUnity
    - GoogleUserMessagingPlatform
    - UnityAds

EXTERNAL SOURCES:
  Flutter:
    :path: Flutter
  flutter_local_notifications:
    :path: ".symlinks/plugins/flutter_local_notifications/ios"
  gma_mediation_unity:
    :path: ".symlinks/plugins/gma_mediation_unity/ios"
  google_mobile_ads:
    :path: ".symlinks/plugins/google_mobile_ads/ios"
  webview_flutter_wkwebview:
    :path: ".symlinks/plugins/webview_flutter_wkwebview/darwin"

SPEC CHECKSUMS:
  Flutter: cabc95a1d2626b1b06e7179b784ebcf0c0cde467
  flutter_local_notifications: 4cde75091f6327eb8517fa068a0a5950212d2086
  gma_mediation_unity: 7c45447dd245d4e60bffba4051a15d4ea94c17e4
  Google-Mobile-Ads-SDK: 4534fd2dfcd3f705c5485a6633c5188d03d4eed2
  google_mobile_ads: 2ba32ffef4a026aa94f526774a40a14ca9662adf
  GoogleMobileAdsMediationUnity: 85fd40e2b42371341446745899e2963faaaaaba9
  GoogleUserMessagingPlatform: befe603da6501006420c206222acd449bba45a9c
  UnityAds: 8b9e0ecf7c4aa7334d15f81efb58db279e28f502
  webview_flutter_wkwebview: 29eb20d43355b48fe7d07113835b9128f84e3af4

PODFILE CHECKSUM: 3c63482e143d1b91d2d2560aee9fb04ecc74ac7e

COCOAPODS: 1.16.2
